Microsoft Visual Studio Solution File, Format Version 12.00
# Visual Studio Version 17
VisualStudioVersion = 17.7.34031.279
MinimumVisualStudioVersion = 10.0.40219.1
Project("{2150E333-8FDC-42A3-9474-1A3956D46DE8}") = "Controladores", "Controladores", "{21DE51F8-488A-4740-87FE-9E2F15296765}"
EndProject
Project("{FAE04EC0-301F-11D3-BF4B-00C04F79EFBC}") = "BaseDatos", "src\Apis\BaseDatos\BaseDatos.csproj", "{3426FC6E-6789-4915-A38B-4A7F63DC46A3}"
EndProject
Global
	GlobalSection(SolutionConfigurationPlatforms) = preSolution
		Debug|Any CPU = Debug|Any CPU
		Release|Any CPU = Release|Any CPU
	EndGlobalSection
	GlobalSection(ProjectConfigurationPlatforms) = postSolution
		{3426FC6E-6789-4915-A38B-4A7F63DC46A3}.Debug|Any CPU.ActiveCfg = Debug|Any CPU
		{3426FC6E-6789-4915-A38B-4A7F63DC46A3}.Debug|Any CPU.Build.0 = Debug|Any CPU
		{3426FC6E-6789-4915-A38B-4A7F63DC46A3}.Release|Any CPU.ActiveCfg = Release|Any CPU
		{3426FC6E-6789-4915-A38B-4A7F63DC46A3}.Release|Any CPU.Build.0 = Release|Any CPU
	EndGlobalSection
	GlobalSection(SolutionProperties) = preSolution
		HideSolutionNode = FALSE
	EndGlobalSection
	GlobalSection(NestedProjects) = preSolution
		{3426FC6E-6789-4915-A38B-4A7F63DC46A3} = {21DE51F8-488A-4740-87FE-9E2F15296765}
	EndGlobalSection
	GlobalSection(ExtensibilityGlobals) = postSolution
		SolutionGuid = {F18CD957-6BC6-4D9E-BB1A-FEDAB6C6F5C1}
	EndGlobalSection
EndGlobal
